{
    "hash": "c12657cf83495311ca49ac3dc36f33cd",
    "packages": [
        {
            "package": "EvanDotPro/EdpMarkdown",
            "version": "dev-master",
            "source-reference": "d969d169042edea4e8b65d4862ae295f27779b17",
            "commit-date": "1346169159"
        },
        {
            "package": "doctrine/common",
            "version": "2.3.x-dev",
            "source-reference": "2ec4bc6db13db6a0976a16b71058083c55cbcdbd",
            "commit-date": "1343847076"
        },
        {
            "package": "doctrine/data-fixtures",
            "version": "dev-master",
            "source-reference": "779c3dfe446b6da893be87b908d6be28345d1e01",
            "commit-date": "1341780535"
        },
        {
            "package": "doctrine/dbal",
            "version": "2.3.x-dev",
            "source-reference": "6470e2089e9ab4a2d24e6927ebe073b7935d7ed5",
            "commit-date": "1344980709"
        },
        {
            "package": "doctrine/doctrine-module",
            "version": "dev-master",
            "source-reference": "55aa93bda85d1030aea8ee57fd7b5c52ddf72dee",
            "commit-date": "1345104598"
        },
        {
            "package": "doctrine/doctrine-orm-module",
            "version": "dev-master",
            "source-reference": "6135d2219e5da7d99814697ac32ac4568ce419a9",
            "commit-date": "1344942080"
        },
        {
            "package": "doctrine/migrations",
            "version": "dev-master",
            "source-reference": "b86b4cc0a39714f0aa53b908d495beacfa0e4011",
            "commit-date": "1343202693"
        },
        {
            "package": "doctrine/orm",
            "version": "2.3.x-dev",
            "source-reference": "971865f271771a3b06c474dfea9e91f023837cce",
            "commit-date": "1344977483"
        },
        {
            "package": "kriswallsmith/assetic",
            "version": "dev-master",
            "alias-pretty-version": "1.1.x-dev",
            "alias-version": "1.1.9999999.9999999-dev"
        },
        {
            "package": "kriswallsmith/assetic",
            "version": "dev-master",
            "source-reference": "0410297526eacc3aa2146b55bc4e30e6fd3a50ed",
            "commit-date": "1346167888"
        },
        {
            "package": "leafo/lessphp",
            "version": "dev-master",
            "source-reference": "1241c5a2f1e4c66fc5d28f2af1af224c8e00edc6",
            "commit-date": "1345396651"
        },
        {
            "package": "symfony/console",
            "version": "dev-master",
            "alias-pretty-version": "2.1.x-dev",
            "alias-version": "2.1.9999999.9999999-dev"
        },
        {
            "package": "symfony/console",
            "version": "dev-master",
            "source-reference": "v2.1.0-RC2",
            "commit-date": "1345643321"
        },
        {
            "package": "symfony/process",
            "version": "dev-master",
            "alias-pretty-version": "2.1.x-dev",
            "alias-version": "2.1.9999999.9999999-dev"
        },
        {
            "package": "symfony/process",
            "version": "dev-master",
            "source-reference": "v2.1.0-RC2",
            "commit-date": "1345986831"
        },
        {
            "package": "symfony/yaml",
            "version": "dev-master",
            "source-reference": "v2.1.0-RC2",
            "commit-date": "1345643321"
        },
        {
            "package": "twig/twig",
            "version": "dev-master",
            "alias-pretty-version": "1.9.x-dev",
            "alias-version": "1.9.9999999.9999999-dev"
        },
        {
            "package": "twig/twig",
            "version": "dev-master",
            "source-reference": "92d8b25fee71e1d2f19f5d0c31838d6144a4bbcd",
            "commit-date": "1346166350"
        },
        {
            "package": "widmogrod/zf2-assetic-module",
            "version": "dev-master",
            "source-reference": "049d6a849948567a432b970b878f79f1e75d60aa",
            "commit-date": "1346177535"
        },
        {
            "package": "zendframework/zendframework",
            "version": "dev-master",
            "source-reference": "57c7d09278d0f2db3a1c1a63eac4277f9ab7cf72",
            "commit-date": "1345841008"
        },
        {
            "package": "zf-commons/zfc-twig",
            "version": "dev-master",
            "source-reference": "ef044219a762af08cf372ff6cbf55c84a182e727",
            "commit-date": "1345927497"
        }
    ],
    "packages-dev": null,
    "aliases": [

    ],
    "minimum-stability": "dev",
    "stability-flags": {
        "zendframework/zendframework": 20,
        "zf-commons/zfc-twig": 20,
        "doctrine/doctrine-orm-module": 20,
        "widmogrod/zf2-assetic-module": 20,
        "evandotpro/edpmarkdown": 20
    }
}
